
Microsoft Visual Studio Solution File, Format Version 12.00
# Visual Studio Version 17
VisualStudioVersion = 17.13.35825.156 d17.13
MinimumVisualStudioVersion = 10.0.40219.1
Project("{FAE04EC0-301F-11D3-BF4B-00C04F79EFBC}") = "ProjectMud", "ProjectMud.csproj", "{6A983C43-F0F1-4E8E-92E0-7843BE88B9FF}"
EndProject
Global
	GlobalSection(SolutionConfigurationPlatforms) = preSolution
		Debug|Any CPU = Debug|Any CPU
		Release|Any CPU = Release|Any CPU
	EndGlobalSection
	GlobalSection(ProjectConfigurationPlatforms) = postSolution
		{6A983C43-F0F1-4E8E-92E0-7843BE88B9FF}.Debug|Any CPU.ActiveCfg = Debug|Any CPU
		{6A983C43-F0F1-4E8E-92E0-7843BE88B9FF}.Debug|Any CPU.Build.0 = Debug|Any CPU
		{6A983C43-F0F1-4E8E-92E0-7843BE88B9FF}.Release|Any CPU.ActiveCfg = Release|Any CPU
		{6A983C43-F0F1-4E8E-92E0-7843BE88B9FF}.Release|Any CPU.Build.0 = Release|Any CPU
	EndGlobalSection
	GlobalSection(SolutionProperties) = preSolution
		HideSolutionNode = FALSE
	EndGlobalSection
	GlobalSection(ExtensibilityGlobals) = postSolution
		SolutionGuid = {2769253D-13E6-4BA3-B94A-DC68DD6A0E19}
	EndGlobalSection
EndGlobal
